
Microsoft Visual Studio Solution File, Format Version 12.00
# Visual Studio 14
VisualStudioVersion = 14.0.25420.1
MinimumVisualStudioVersion = 10.0.40219.1
Project("{8BC9CEB8-8B4A-11D0-8D11-00A0C91BC942}") = "AMXconvert", "AMXconvert.vcxproj", "{C21BD715-5663-44FE-8DF4-A7C836FECAA5}"
EndProject
Project("{6141683F-8A12-4E36-9623-2EB02B2C2303}") = "amxSetup", "..\amxSetup\amxSetup.isproj", "{1E76B397-DA63-4047-BE41-3CED07CB4506}"
EndProject
Global
	GlobalSection(SolutionConfigurationPlatforms) = preSolution
		CD_ROM|x64 = CD_ROM|x64
		CD_ROM|x86 = CD_ROM|x86
		Debug|x64 = Debug|x64
		Debug|x86 = Debug|x86
		DVD-5|x64 = DVD-5|x64
		DVD-5|x86 = DVD-5|x86
		Release|x64 = Release|x64
		Release|x86 = Release|x86
		SingleImage|x64 = SingleImage|x64
		SingleImage|x86 = SingleImage|x86
	EndGlobalSection
	GlobalSection(ProjectConfigurationPlatforms) = postSolution
		{C21BD715-5663-44FE-8DF4-A7C836FECAA5}.CD_ROM|x64.ActiveCfg = Release|x64
		{C21BD715-5663-44FE-8DF4-A7C836FECAA5}.CD_ROM|x64.Build.0 = Release|x64
		{C21BD715-5663-44FE-8DF4-A7C836FECAA5}.CD_ROM|x86.ActiveCfg = Release|Win32
		{C21BD715-5663-44FE-8DF4-A7C836FECAA5}.CD_ROM|x86.Build.0 = Release|Win32
		{C21BD715-5663-44FE-8DF4-A7C836FECAA5}.Debug|x64.ActiveCfg = Debug|x64
		{C21BD715-5663-44FE-8DF4-A7C836FECAA5}.Debug|x64.Build.0 = Debug|x64
		{C21BD715-5663-44FE-8DF4-A7C836FECAA5}.Debug|x86.ActiveCfg = Debug|Win32
		{C21BD715-5663-44FE-8DF4-A7C836FECAA5}.Debug|x86.Build.0 = Debug|Win32
		{C21BD715-5663-44FE-8DF4-A7C836FECAA5}.DVD-5|x64.ActiveCfg = Debug|x64
		{C21BD715-5663-44FE-8DF4-A7C836FECAA5}.DVD-5|x64.Build.0 = Debug|x64
		{C21BD715-5663-44FE-8DF4-A7C836FECAA5}.DVD-5|x86.ActiveCfg = Debug|Win32
		{C21BD715-5663-44FE-8DF4-A7C836FECAA5}.DVD-5|x86.Build.0 = Debug|Win32
		{C21BD715-5663-44FE-8DF4-A7C836FECAA5}.Release|x64.ActiveCfg = Release|x64
		{C21BD715-5663-44FE-8DF4-A7C836FECAA5}.Release|x64.Build.0 = Release|x64
		{C21BD715-5663-44FE-8DF4-A7C836FECAA5}.Release|x86.ActiveCfg = Release|Win32
		{C21BD715-5663-44FE-8DF4-A7C836FECAA5}.Release|x86.Build.0 = Release|Win32
		{C21BD715-5663-44FE-8DF4-A7C836FECAA5}.SingleImage|x64.ActiveCfg = Release|x64
		{C21BD715-5663-44FE-8DF4-A7C836FECAA5}.SingleImage|x64.Build.0 = Release|x64
		{C21BD715-5663-44FE-8DF4-A7C836FECAA5}.SingleImage|x86.ActiveCfg = Release|Win32
		{C21BD715-5663-44FE-8DF4-A7C836FECAA5}.SingleImage|x86.Build.0 = Release|Win32
		{1E76B397-DA63-4047-BE41-3CED07CB4506}.CD_ROM|x64.ActiveCfg = CD_ROM
		{1E76B397-DA63-4047-BE41-3CED07CB4506}.CD_ROM|x64.Build.0 = CD_ROM
		{1E76B397-DA63-4047-BE41-3CED07CB4506}.CD_ROM|x86.ActiveCfg = CD_ROM
		{1E76B397-DA63-4047-BE41-3CED07CB4506}.CD_ROM|x86.Build.0 = CD_ROM
		{1E76B397-DA63-4047-BE41-3CED07CB4506}.Debug|x64.ActiveCfg = DVD-5
		{1E76B397-DA63-4047-BE41-3CED07CB4506}.Debug|x64.Build.0 = DVD-5
		{1E76B397-DA63-4047-BE41-3CED07CB4506}.Debug|x86.ActiveCfg = DVD-5
		{1E76B397-DA63-4047-BE41-3CED07CB4506}.Debug|x86.Build.0 = DVD-5
		{1E76B397-DA63-4047-BE41-3CED07CB4506}.DVD-5|x64.ActiveCfg = DVD-5
		{1E76B397-DA63-4047-BE41-3CED07CB4506}.DVD-5|x64.Build.0 = DVD-5
		{1E76B397-DA63-4047-BE41-3CED07CB4506}.DVD-5|x86.ActiveCfg = DVD-5
		{1E76B397-DA63-4047-BE41-3CED07CB4506}.DVD-5|x86.Build.0 = DVD-5
		{1E76B397-DA63-4047-BE41-3CED07CB4506}.Release|x64.ActiveCfg = SingleImage
		{1E76B397-DA63-4047-BE41-3CED07CB4506}.Release|x64.Build.0 = SingleImage
		{1E76B397-DA63-4047-BE41-3CED07CB4506}.Release|x86.ActiveCfg = SingleImage
		{1E76B397-DA63-4047-BE41-3CED07CB4506}.Release|x86.Build.0 = SingleImage
		{1E76B397-DA63-4047-BE41-3CED07CB4506}.SingleImage|x64.ActiveCfg = SingleImage
		{1E76B397-DA63-4047-BE41-3CED07CB4506}.SingleImage|x64.Build.0 = SingleImage
		{1E76B397-DA63-4047-BE41-3CED07CB4506}.SingleImage|x86.ActiveCfg = SingleImage
		{1E76B397-DA63-4047-BE41-3CED07CB4506}.SingleImage|x86.Build.0 = SingleImage
	EndGlobalSection
	GlobalSection(SolutionProperties) = preSolution
		HideSolutionNode = FALSE
	EndGlobalSection
EndGlobal
